
Microsoft Visual Studio Solution File, Format Version 12.00
# Visual Studio Version 16
VisualStudioVersion = 25.0.1705.2
MinimumVisualStudioVersion = 10.0.40219.1
Project("{FAE04EC0-301F-11D3-BF4B-00C04F79EFBC}") = "TDStore", "TDStore.csproj", "{28EA92D2-B673-4EE0-898E-21B0135CDEED}"
EndProject
Global
	GlobalSection(SolutionConfigurationPlatforms) = preSolution
		Debug|Any CPU = Debug|Any CPU
		Release|Any CPU = Release|Any CPU
	EndGlobalSection
	GlobalSection(ProjectConfigurationPlatforms) = postSolution
		{28EA92D2-B673-4EE0-898E-21B0135CDEED}.Debug|Any CPU.ActiveCfg = Debug|Any CPU
		{28EA92D2-B673-4EE0-898E-21B0135CDEED}.Debug|Any CPU.Build.0 = Debug|Any CPU
		{28EA92D2-B673-4EE0-898E-21B0135CDEED}.Release|Any CPU.ActiveCfg = Release|Any CPU
		{28EA92D2-B673-4EE0-898E-21B0135CDEED}.Release|Any CPU.Build.0 = Release|Any CPU
	EndGlobalSection
	GlobalSection(SolutionProperties) = preSolution
		HideSolutionNode = FALSE
	EndGlobalSection
	GlobalSection(ExtensibilityGlobals) = postSolution
		SolutionGuid = {9597D921-4225-4069-BB5C-6B7CFE81EBFE}
	EndGlobalSection
EndGlobal
